
Microsoft Visual Studio Solution File, Format Version 10.00
# Visual Studio 2008
Project("{8BC9CEB8-8B4A-11D0-8D11-00A0C91BC942}") = "nnnDeleteSave", "nnnDeleteSave.vcproj", "{F83A62A5-1A45-4729-9169-C394B8B41639}"
EndProject
Global
	GlobalSection(SolutionConfigurationPlatforms) = preSolution
		Debug|Win32 = Debug|Win32
		Release|Win32 = Release|Win32
	EndGlobalSection
	GlobalSection(ProjectConfigurationPlatforms) = postSolution
		{F83A62A5-1A45-4729-9169-C394B8B41639}.Debug|Win32.ActiveCfg = Debug|Win32
		{F83A62A5-1A45-4729-9169-C394B8B41639}.Debug|Win32.Build.0 = Debug|Win32
		{F83A62A5-1A45-4729-9169-C394B8B41639}.Release|Win32.ActiveCfg = Release|Win32
		{F83A62A5-1A45-4729-9169-C394B8B41639}.Release|Win32.Build.0 = Release|Win32
	EndGlobalSection
	GlobalSection(SolutionProperties) = preSolution
		HideSolutionNode = FALSE
	EndGlobalSection
EndGlobal
