
Microsoft Visual Studio Solution File, Format Version 12.00
# Visual Studio 15
VisualStudioVersion = 15.0.28307.329
MinimumVisualStudioVersion = 10.0.40219.1
Project("{8BC9CEB8-8B4A-11D0-8D11-00A0C91BC942}") = "trumper", "trumper.vcxproj", "{F72E6F2A-D8CB-4AF2-95DB-CF4FAF589B09}"
EndProject
Global
	GlobalSection(SolutionConfigurationPlatforms) = preSolution
		Debug|Win32 = Debug|Win32
		Release|Win32 = Release|Win32
	EndGlobalSection
	GlobalSection(ProjectConfigurationPlatforms) = postSolution
		{F72E6F2A-D8CB-4AF2-95DB-CF4FAF589B09}.Debug|Win32.ActiveCfg = Debug|Win32
		{F72E6F2A-D8CB-4AF2-95DB-CF4FAF589B09}.Debug|Win32.Build.0 = Debug|Win32
		{F72E6F2A-D8CB-4AF2-95DB-CF4FAF589B09}.Release|Win32.ActiveCfg = Release|Win32
		{F72E6F2A-D8CB-4AF2-95DB-CF4FAF589B09}.Release|Win32.Build.0 = Release|Win32
	EndGlobalSection
	GlobalSection(SolutionProperties) = preSolution
		HideSolutionNode = FALSE
	EndGlobalSection
	GlobalSection(ExtensibilityGlobals) = postSolution
		SolutionGuid = {DE4B46A8-9E43-42C4-ACA5-439CBCBD68E0}
	EndGlobalSection
EndGlobal
