
Microsoft Visual Studio Solution File, Format Version 10.00
# Visual Studio 2008
Project("{8BC9CEB8-8B4A-11D0-8D11-00A0C91BC942}") = "x2f", "x2f.vcproj", "{FAE71430-FA26-4A51-81BF-95D3CF5F4E41}"
EndProject
Global
	GlobalSection(SolutionConfigurationPlatforms) = preSolution
		Debug|Win32 = Debug|Win32
		Release|Win32 = Release|Win32
	EndGlobalSection
	GlobalSection(ProjectConfigurationPlatforms) = postSolution
		{FAE71430-FA26-4A51-81BF-95D3CF5F4E41}.Debug|Win32.ActiveCfg = Debug|Win32
		{FAE71430-FA26-4A51-81BF-95D3CF5F4E41}.Debug|Win32.Build.0 = Debug|Win32
		{FAE71430-FA26-4A51-81BF-95D3CF5F4E41}.Release|Win32.ActiveCfg = Release|Win32
		{FAE71430-FA26-4A51-81BF-95D3CF5F4E41}.Release|Win32.Build.0 = Release|Win32
	EndGlobalSection
	GlobalSection(SolutionProperties) = preSolution
		HideSolutionNode = FALSE
	EndGlobalSection
EndGlobal
