
Microsoft Visual Studio Solution File, Format Version 10.00
# Visual Studio 2008
Project("{8BC9CEB8-8B4A-11D0-8D11-00A0C91BC942}") = "makeDummyDwqCdvaw", "makeDummyDwqCdvaw.vcproj", "{58EFF5C9-50B2-4855-A7EC-13A8A10F25BC}"
EndProject
Global
	GlobalSection(SolutionConfigurationPlatforms) = preSolution
		Debug|Win32 = Debug|Win32
		Release|Win32 = Release|Win32
	EndGlobalSection
	GlobalSection(ProjectConfigurationPlatforms) = postSolution
		{58EFF5C9-50B2-4855-A7EC-13A8A10F25BC}.Debug|Win32.ActiveCfg = Debug|Win32
		{58EFF5C9-50B2-4855-A7EC-13A8A10F25BC}.Debug|Win32.Build.0 = Debug|Win32
		{58EFF5C9-50B2-4855-A7EC-13A8A10F25BC}.Release|Win32.ActiveCfg = Release|Win32
		{58EFF5C9-50B2-4855-A7EC-13A8A10F25BC}.Release|Win32.Build.0 = Release|Win32
	EndGlobalSection
	GlobalSection(SolutionProperties) = preSolution
		HideSolutionNode = FALSE
	EndGlobalSection
EndGlobal
